
Microsoft Visual Studio Solution File, Format Version 12.00
# Visual Studio Version 16
VisualStudioVersion = 16.0.29926.136
MinimumVisualStudioVersion = 10.0.40219.1
Project("{FAE04EC0-301F-11D3-BF4B-00C04F79EFBC}") = "Entidades", "Entidades_Biblioteca\Entidades.csproj", "{756EF4AE-E2CD-438C-9642-97B4452FF76F}"
EndProject
Project("{FAE04EC0-301F-11D3-BF4B-00C04F79EFBC}") = "MiCalculadora", "MiCalculadora\MiCalculadora.csproj", "{0050AF2F-26BD-4785-A40D-7D033A7E3F49}"
EndProject
Global
	GlobalSection(SolutionConfigurationPlatforms) = preSolution
		Debug|Any CPU = Debug|Any CPU
		Release|Any CPU = Release|Any CPU
	EndGlobalSection
	GlobalSection(ProjectConfigurationPlatforms) = postSolution
		{756EF4AE-E2CD-438C-9642-97B4452FF76F}.Debug|Any CPU.ActiveCfg = Debug|Any CPU
		{756EF4AE-E2CD-438C-9642-97B4452FF76F}.Debug|Any CPU.Build.0 = Debug|Any CPU
		{756EF4AE-E2CD-438C-9642-97B4452FF76F}.Release|Any CPU.ActiveCfg = Release|Any CPU
		{756EF4AE-E2CD-438C-9642-97B4452FF76F}.Release|Any CPU.Build.0 = Release|Any CPU
		{0050AF2F-26BD-4785-A40D-7D033A7E3F49}.Debug|Any CPU.ActiveCfg = Debug|Any CPU
		{0050AF2F-26BD-4785-A40D-7D033A7E3F49}.Debug|Any CPU.Build.0 = Debug|Any CPU
		{0050AF2F-26BD-4785-A40D-7D033A7E3F49}.Release|Any CPU.ActiveCfg = Release|Any CPU
		{0050AF2F-26BD-4785-A40D-7D033A7E3F49}.Release|Any CPU.Build.0 = Release|Any CPU
	EndGlobalSection
	GlobalSection(SolutionProperties) = preSolution
		HideSolutionNode = FALSE
	EndGlobalSection
	GlobalSection(ExtensibilityGlobals) = postSolution
		SolutionGuid = {35EA0061-D799-40F8-9E28-791B6D954631}
	EndGlobalSection
EndGlobal
