
Microsoft Visual Studio Solution File, Format Version 12.00
# Visual Studio Version 16
VisualStudioVersion = 16.0.30002.166
MinimumVisualStudioVersion = 10.0.40219.1
Project("{FAE04EC0-301F-11D3-BF4B-00C04F79EFBC}") = "MiCalculadora", "MiCalculadora\MiCalculadora.csproj", "{0050AF2F-26BD-4785-A40D-7D033A7E3F49}"
EndProject
Project("{FAE04EC0-301F-11D3-BF4B-00C04F79EFBC}") = "Entidades", "Entidades\Entidades.csproj", "{6F182896-4A6D-4FDA-8A67-6ECF3191C245}"
EndProject
Global
	GlobalSection(SolutionConfigurationPlatforms) = preSolution
		Debug|Any CPU = Debug|Any CPU
		Release|Any CPU = Release|Any CPU
	EndGlobalSection
	GlobalSection(ProjectConfigurationPlatforms) = postSolution
		{0050AF2F-26BD-4785-A40D-7D033A7E3F49}.Debug|Any CPU.ActiveCfg = Debug|Any CPU
		{0050AF2F-26BD-4785-A40D-7D033A7E3F49}.Debug|Any CPU.Build.0 = Debug|Any CPU
		{0050AF2F-26BD-4785-A40D-7D033A7E3F49}.Release|Any CPU.ActiveCfg = Release|Any CPU
		{0050AF2F-26BD-4785-A40D-7D033A7E3F49}.Release|Any CPU.Build.0 = Release|Any CPU
		{6F182896-4A6D-4FDA-8A67-6ECF3191C245}.Debug|Any CPU.ActiveCfg = Debug|Any CPU
		{6F182896-4A6D-4FDA-8A67-6ECF3191C245}.Debug|Any CPU.Build.0 = Debug|Any CPU
		{6F182896-4A6D-4FDA-8A67-6ECF3191C245}.Release|Any CPU.ActiveCfg = Release|Any CPU
		{6F182896-4A6D-4FDA-8A67-6ECF3191C245}.Release|Any CPU.Build.0 = Release|Any CPU
	EndGlobalSection
	GlobalSection(SolutionProperties) = preSolution
		HideSolutionNode = FALSE
	EndGlobalSection
	GlobalSection(ExtensibilityGlobals) = postSolution
		SolutionGuid = {34881475-25E5-4CCF-B400-358F17F42E1C}
	EndGlobalSection
EndGlobal
