
Microsoft Visual Studio Solution File, Format Version 12.00
# Visual Studio Version 16
VisualStudioVersion = 16.0.29926.136
MinimumVisualStudioVersion = 10.0.40219.1
Project("{FAE04EC0-301F-11D3-BF4B-00C04F79EFBC}") = "Entidades", "Entidades\Entidades.csproj", "{F73AF1B8-C939-4AD3-8597-5DC823BE6B49}"
EndProject
Project("{FAE04EC0-301F-11D3-BF4B-00C04F79EFBC}") = "Entidades_Biblioteca", "Entidades_Biblioteca\Entidades_Biblioteca.csproj", "{756EF4AE-E2CD-438C-9642-97B4452FF76F}"
EndProject
Global
	GlobalSection(SolutionConfigurationPlatforms) = preSolution
		Debug|Any CPU = Debug|Any CPU
		Release|Any CPU = Release|Any CPU
	EndGlobalSection
	GlobalSection(ProjectConfigurationPlatforms) = postSolution
		{F73AF1B8-C939-4AD3-8597-5DC823BE6B49}.Debug|Any CPU.ActiveCfg = Debug|Any CPU
		{F73AF1B8-C939-4AD3-8597-5DC823BE6B49}.Debug|Any CPU.Build.0 = Debug|Any CPU
		{F73AF1B8-C939-4AD3-8597-5DC823BE6B49}.Release|Any CPU.ActiveCfg = Release|Any CPU
		{F73AF1B8-C939-4AD3-8597-5DC823BE6B49}.Release|Any CPU.Build.0 = Release|Any CPU
		{756EF4AE-E2CD-438C-9642-97B4452FF76F}.Debug|Any CPU.ActiveCfg = Debug|Any CPU
		{756EF4AE-E2CD-438C-9642-97B4452FF76F}.Debug|Any CPU.Build.0 = Debug|Any CPU
		{756EF4AE-E2CD-438C-9642-97B4452FF76F}.Release|Any CPU.ActiveCfg = Release|Any CPU
		{756EF4AE-E2CD-438C-9642-97B4452FF76F}.Release|Any CPU.Build.0 = Release|Any CPU
	EndGlobalSection
	GlobalSection(SolutionProperties) = preSolution
		HideSolutionNode = FALSE
	EndGlobalSection
	GlobalSection(ExtensibilityGlobals) = postSolution
		SolutionGuid = {35EA0061-D799-40F8-9E28-791B6D954631}
	EndGlobalSection
EndGlobal
