
Microsoft Visual Studio Solution File, Format Version 12.00
# Visual Studio Version 16
VisualStudioVersion = 16.0.30002.166
MinimumVisualStudioVersion = 10.0.40219.1
Project("{FAE04EC0-301F-11D3-BF4B-00C04F79EFBC}") = "ClasesInstanciables", "Magdaleno.Javier.2C.TP3\ClasesInstanciables.csproj", "{612C4755-E349-44D6-BB3A-7E175C38AA05}"
EndProject
Project("{FAE04EC0-301F-11D3-BF4B-00C04F79EFBC}") = "ClasesAbstractas", "ClasesAbstractas\ClasesAbstractas.csproj", "{684C628D-DA9C-48E1-BA22-2FB471AE4841}"
EndProject
Project("{FAE04EC0-301F-11D3-BF4B-00C04F79EFBC}") = "Archivos", "Archivos\Archivos.csproj", "{2C7EE6F7-3ACF-484B-8814-7B038DA01B2E}"
EndProject
Project("{FAE04EC0-301F-11D3-BF4B-00C04F79EFBC}") = "Excepciones", "Excepciones\Excepciones.csproj", "{65184EAA-BE7B-4283-A157-5226392CBEF6}"
EndProject
Project("{FAE04EC0-301F-11D3-BF4B-00C04F79EFBC}") = "Test_Consola", "Test_Consola\Test_Consola.csproj", "{873D51FA-C1F1-4293-82F2-A24526B0301A}"
EndProject
Project("{FAE04EC0-301F-11D3-BF4B-00C04F79EFBC}") = "UnitTest_TP3", "UnitTest_TP3\UnitTest_TP3.csproj", "{8F432B39-85AA-4764-831F-83D36BC18554}"
EndProject
Global
	GlobalSection(SolutionConfigurationPlatforms) = preSolution
		Debug|Any CPU = Debug|Any CPU
		Release|Any CPU = Release|Any CPU
	EndGlobalSection
	GlobalSection(ProjectConfigurationPlatforms) = postSolution
		{612C4755-E349-44D6-BB3A-7E175C38AA05}.Debug|Any CPU.ActiveCfg = Debug|Any CPU
		{612C4755-E349-44D6-BB3A-7E175C38AA05}.Debug|Any CPU.Build.0 = Debug|Any CPU
		{612C4755-E349-44D6-BB3A-7E175C38AA05}.Release|Any CPU.ActiveCfg = Release|Any CPU
		{612C4755-E349-44D6-BB3A-7E175C38AA05}.Release|Any CPU.Build.0 = Release|Any CPU
		{684C628D-DA9C-48E1-BA22-2FB471AE4841}.Debug|Any CPU.ActiveCfg = Debug|Any CPU
		{684C628D-DA9C-48E1-BA22-2FB471AE4841}.Debug|Any CPU.Build.0 = Debug|Any CPU
		{684C628D-DA9C-48E1-BA22-2FB471AE4841}.Release|Any CPU.ActiveCfg = Release|Any CPU
		{684C628D-DA9C-48E1-BA22-2FB471AE4841}.Release|Any CPU.Build.0 = Release|Any CPU
		{2C7EE6F7-3ACF-484B-8814-7B038DA01B2E}.Debug|Any CPU.ActiveCfg = Debug|Any CPU
		{2C7EE6F7-3ACF-484B-8814-7B038DA01B2E}.Debug|Any CPU.Build.0 = Debug|Any CPU
		{2C7EE6F7-3ACF-484B-8814-7B038DA01B2E}.Release|Any CPU.ActiveCfg = Release|Any CPU
		{2C7EE6F7-3ACF-484B-8814-7B038DA01B2E}.Release|Any CPU.Build.0 = Release|Any CPU
		{65184EAA-BE7B-4283-A157-5226392CBEF6}.Debug|Any CPU.ActiveCfg = Debug|Any CPU
		{65184EAA-BE7B-4283-A157-5226392CBEF6}.Debug|Any CPU.Build.0 = Debug|Any CPU
		{65184EAA-BE7B-4283-A157-5226392CBEF6}.Release|Any CPU.ActiveCfg = Release|Any CPU
		{65184EAA-BE7B-4283-A157-5226392CBEF6}.Release|Any CPU.Build.0 = Release|Any CPU
		{873D51FA-C1F1-4293-82F2-A24526B0301A}.Debug|Any CPU.ActiveCfg = Debug|Any CPU
		{873D51FA-C1F1-4293-82F2-A24526B0301A}.Debug|Any CPU.Build.0 = Debug|Any CPU
		{873D51FA-C1F1-4293-82F2-A24526B0301A}.Release|Any CPU.ActiveCfg = Release|Any CPU
		{873D51FA-C1F1-4293-82F2-A24526B0301A}.Release|Any CPU.Build.0 = Release|Any CPU
		{8F432B39-85AA-4764-831F-83D36BC18554}.Debug|Any CPU.ActiveCfg = Debug|Any CPU
		{8F432B39-85AA-4764-831F-83D36BC18554}.Debug|Any CPU.Build.0 = Debug|Any CPU
		{8F432B39-85AA-4764-831F-83D36BC18554}.Release|Any CPU.ActiveCfg = Release|Any CPU
		{8F432B39-85AA-4764-831F-83D36BC18554}.Release|Any CPU.Build.0 = Release|Any CPU
	EndGlobalSection
	GlobalSection(SolutionProperties) = preSolution
		HideSolutionNode = FALSE
	EndGlobalSection
	GlobalSection(ExtensibilityGlobals) = postSolution
		SolutionGuid = {A341D3FD-FEE3-4842-9D02-9499B54176B8}
	EndGlobalSection
EndGlobal
